
Microsoft Visual Studio Solution File, Format Version 12.00
# Visual Studio Version 17
VisualStudioVersion = 17.11.35312.102
MinimumVisualStudioVersion = 10.0.40219.1
Project("{FAE04EC0-301F-11D3-BF4B-00C04F79EFBC}") = "GeradorOids", "GeradorOids\GeradorOids.csproj", "{6F789911-4D0C-43A2-ACDF-2BAAB89CFDAE}"
EndProject
Global
	GlobalSection(SolutionConfigurationPlatforms) = preSolution
		Debug|Any CPU = Debug|Any CPU
		Release|Any CPU = Release|Any CPU
	EndGlobalSection
	GlobalSection(ProjectConfigurationPlatforms) = postSolution
		{6F789911-4D0C-43A2-ACDF-2BAAB89CFDAE}.Debug|Any CPU.ActiveCfg = Debug|Any CPU
		{6F789911-4D0C-43A2-ACDF-2BAAB89CFDAE}.Debug|Any CPU.Build.0 = Debug|Any CPU
		{6F789911-4D0C-43A2-ACDF-2BAAB89CFDAE}.Release|Any CPU.ActiveCfg = Release|Any CPU
		{6F789911-4D0C-43A2-ACDF-2BAAB89CFDAE}.Release|Any CPU.Build.0 = Release|Any CPU
	EndGlobalSection
	GlobalSection(SolutionProperties) = preSolution
		HideSolutionNode = FALSE
	EndGlobalSection
	GlobalSection(ExtensibilityGlobals) = postSolution
		SolutionGuid = {F9FFE0AF-0740-4461-80B1-DE8ADFC09491}
	EndGlobalSection
EndGlobal
